
Microsoft Visual Studio Solution File, Format Version 12.00
# Visual Studio 14
VisualStudioVersion = 14.0.24720.0
MinimumVisualStudioVersion = 10.0.40219.1
Project("{2150E333-8FDC-42A3-9474-1A3956D46DE8}") = "src", "src", "{F351D30A-E201-40BF-AE11-A2D24585E17C}"
EndProject
Project("{2150E333-8FDC-42A3-9474-1A3956D46DE8}") = "Solution Items", "Solution Items", "{2B61681B-3321-4F8E-BD82-C5477D9B1465}"
	ProjectSection(SolutionItems) = preProject
		global.json = global.json
		NuGet.Config = NuGet.Config
	EndProjectSection
EndProject
Project("{8BB2217D-0F2D-49D1-97BC-3654ED321F3B}") = "aCMS.Web", "src\aCMS.Web\aCMS.Web.xproj", "{FF78C8B7-C294-4166-AF6C-EBE1CB95891D}"
EndProject
Project("{8BB2217D-0F2D-49D1-97BC-3654ED321F3B}") = "aCMS.Core", "src\aCMS.Core\aCMS.Core.xproj", "{004CA78D-45B7-467C-B989-881CEFB08797}"
EndProject
Global
	GlobalSection(SolutionConfigurationPlatforms) = preSolution
		Debug|Any CPU = Debug|Any CPU
		Release|Any CPU = Release|Any CPU
	EndGlobalSection
	GlobalSection(ProjectConfigurationPlatforms) = postSolution
		{FF78C8B7-C294-4166-AF6C-EBE1CB95891D}.Debug|Any CPU.ActiveCfg = Debug|Any CPU
		{FF78C8B7-C294-4166-AF6C-EBE1CB95891D}.Debug|Any CPU.Build.0 = Debug|Any CPU
		{FF78C8B7-C294-4166-AF6C-EBE1CB95891D}.Release|Any CPU.ActiveCfg = Release|Any CPU
		{FF78C8B7-C294-4166-AF6C-EBE1CB95891D}.Release|Any CPU.Build.0 = Release|Any CPU
		{004CA78D-45B7-467C-B989-881CEFB08797}.Debug|Any CPU.ActiveCfg = Debug|Any CPU
		{004CA78D-45B7-467C-B989-881CEFB08797}.Debug|Any CPU.Build.0 = Debug|Any CPU
		{004CA78D-45B7-467C-B989-881CEFB08797}.Release|Any CPU.ActiveCfg = Release|Any CPU
		{004CA78D-45B7-467C-B989-881CEFB08797}.Release|Any CPU.Build.0 = Release|Any CPU
	EndGlobalSection
	GlobalSection(SolutionProperties) = preSolution
		HideSolutionNode = FALSE
	EndGlobalSection
	GlobalSection(NestedProjects) = preSolution
		{FF78C8B7-C294-4166-AF6C-EBE1CB95891D} = {F351D30A-E201-40BF-AE11-A2D24585E17C}
		{004CA78D-45B7-467C-B989-881CEFB08797} = {F351D30A-E201-40BF-AE11-A2D24585E17C}
	EndGlobalSection
EndGlobal
